github.com/mndrix/golog v0.0.0-20170330170653-a28e2a269775 h1:KPqf9x/eMg3ZnHATLXcM1OgQMNVkPUv1QcGv6zTRMRg=
github.com/mndrix/golog v0.0.0-20170330170653-a28e2a269775/go.mod h1:Q4YHYl483MNk6wwg3g8YsINpKe5S2UzUJCRSRlFaSU0=
github.com/mndrix/ps v0.0.0-20170330174427-18e65badd6ab h1:fPrYMvMnWuED0MLhLyrny1fLaHhtiXK30pNyBGrk9Gs=
github.com/mndrix/ps v0.0.0-20170330174427-18e65badd6ab/go.mod h1:dHgTaDInzkAqJv67VaX1IkK449M2UoBY68CZeI/bNCU=
